
Microsoft Visual Studio Solution File, Format Version 12.00
# Visual Studio 15
VisualStudioVersion = 15.0.27130.2027
MinimumVisualStudioVersion = 10.0.40219.1
Project("{FAE04EC0-301F-11D3-BF4B-00C04F79EFBC}") = "GlobalProject", "GlobalProject\GlobalProject.csproj", "{1B52D770-D41D-482A-8FCC-B262D73B314A}"
EndProject
Global
	GlobalSection(SolutionConfigurationPlatforms) = preSolution
		Debug|Any CPU = Debug|Any CPU
		Release|Any CPU = Release|Any CPU
	EndGlobalSection
	GlobalSection(ProjectConfigurationPlatforms) = postSolution
		{1B52D770-D41D-482A-8FCC-B262D73B314A}.Debug|Any CPU.ActiveCfg = Debug|Any CPU
		{1B52D770-D41D-482A-8FCC-B262D73B314A}.Debug|Any CPU.Build.0 = Debug|Any CPU
		{1B52D770-D41D-482A-8FCC-B262D73B314A}.Release|Any CPU.ActiveCfg = Release|Any CPU
		{1B52D770-D41D-482A-8FCC-B262D73B314A}.Release|Any CPU.Build.0 = Release|Any CPU
	EndGlobalSection
	GlobalSection(SolutionProperties) = preSolution
		HideSolutionNode = FALSE
	EndGlobalSection
	GlobalSection(ExtensibilityGlobals) = postSolution
		SolutionGuid = {323AA3FF-342A-4084-BBDD-C550D6094D96}
	EndGlobalSection
EndGlobal
